# THIS IS AN AUTOGENERATED FILE. DO NOT EDIT THIS FILE DIRECTLY.
# yarn lockfile v1


"@_sh/ckeditor5-font-with-picker@^0.0.1":
  version "0.0.1"
  resolved "https://registry.yarnpkg.com/@_sh/ckeditor5-font-with-picker/-/ckeditor5-font-with-picker-0.0.1.tgz#b028ee569e16f9c12c24ca34de5a67c648345f88"
  integrity sha512-fTz1ic2uqOsZ4FencXYtGf9WA1bD4EAXiINOXBJrmYe2LPDXHIi9g0Ppwwd/BxqNHqI/NohpSdwcr6k3uSzkbg==
  dependencies:
    ckeditor5 ">=35.4.0"

"@ckeditor/ckeditor5-alignment@^40.0.0":
  version "40.0.0"
  resolved "https://registry.yarnpkg.com/@ckeditor/ckeditor5-alignment/-/ckeditor5-alignment-40.0.0.tgz#42f852a58ee7f5246dc41af86025fd7256f0ea84"
  integrity sha512-aLNBQh+OI6FwIU+hmMRanA+3hInreNBuW7Bs2x3WrMW2JNurKwq7HvpyLIoG514kFbJwl7RZf7xsyl74GdVflQ==
  dependencies:
    ckeditor5 "40.0.0"

"@ckeditor/ckeditor5-autoformat@^40.0.0":
  version "40.0.0"
  resolved "https://registry.yarnpkg.com/@ckeditor/ckeditor5-autoformat/-/ckeditor5-autoformat-40.0.0.tgz#caeadacd8f0d05c63594a278d0315c02d5d889e6"
  integrity sha512-MLgA7QhsDaSKOuU+oGbP9ztnS85Wt9XFdZmlB3+A8I2A7SY4wTTH2ijLaohdHafdKiQ9/5SZrjH3ocN5PhUzDA==
  dependencies:
    ckeditor5 "40.0.0"

"@ckeditor/ckeditor5-autosave@^40.0.0":
  version "40.0.0"
  resolved "https://registry.yarnpkg.com/@ckeditor/ckeditor5-autosave/-/ckeditor5-autosave-40.0.0.tgz#318c520aab894b43229bd444ab043b9abbcc35a3"
  integrity sha512-+Mmpp6kpJ9vkK8Qnw1p/+z1q+wK8kuvDBWMGJH13b20Gd1yiZQOtXcctfjrT+IJ70WI20JXxI0QQjGIBVqP+9g==
  dependencies:
    ckeditor5 "40.0.0"
    lodash-es "4.17.21"

"@ckeditor/ckeditor5-basic-styles@^40.0.0":
  version "40.0.0"
  resolved "https://registry.yarnpkg.com/@ckeditor/ckeditor5-basic-styles/-/ckeditor5-basic-styles-40.0.0.tgz#8ff31476149da035bd619d01c13d29006d3dac36"
  integrity sha512-J7kFFfIyAX6MrQixLx7g//1jLmjnRhdZUxfJSfKY8pDAodOJmJtnU1FRwVYTSfc2pM1aKmccXDlvEYmI+uYpQw==
  dependencies:
    ckeditor5 "40.0.0"

"@ckeditor/ckeditor5-block-quote@^40.0.0":
  version "40.0.0"
  resolved "https://registry.yarnpkg.com/@ckeditor/ckeditor5-block-quote/-/ckeditor5-block-quote-40.0.0.tgz#ba0cfbf55dc5c51320b34fad5c75b5c5949ce378"
  integrity sha512-4vzWkboHljKRelesQr+2ozMWfnSEiJBLxW8CZUPDfvZ7VZLOpo3v40QQYiR64S3tDzqmUMb6hvedrz/wHGIigg==
  dependencies:
    ckeditor5 "40.0.0"

"@ckeditor/ckeditor5-clipboard@40.0.0":
  version "40.0.0"
  resolved "https://registry.yarnpkg.com/@ckeditor/ckeditor5-clipboard/-/ckeditor5-clipboard-40.0.0.tgz#6a2b7e22dbfd001f48930ff33cb297b5c43bb875"
  integrity sha512-Xtgjb4ZYa40XHqwQo25X6rA4Job0kgFvocNRMBH7CNrN5h4lJwJwVXlY9HSXvXPY0TBaBBS1HcMvB+sf5DYXeg==
  dependencies:
    "@ckeditor/ckeditor5-core" "40.0.0"
    "@ckeditor/ckeditor5-engine" "40.0.0"
    "@ckeditor/ckeditor5-ui" "40.0.0"
    "@ckeditor/ckeditor5-utils" "40.0.0"
    "@ckeditor/ckeditor5-widget" "40.0.0"
    lodash-es "4.17.21"

"@ckeditor/ckeditor5-code-block@^40.0.0":
  version "40.0.0"
  resolved "https://registry.yarnpkg.com/@ckeditor/ckeditor5-code-block/-/ckeditor5-code-block-40.0.0.tgz#ff72725bd63f998dff657e52f04f376f79242ec4"
  integrity sha512-R1FkJzuX5VZMC87EJONQgLMxyrbuqPDUeQy1DLofHkXmOG1UU4cT3u3iGWMXWnVQUHcWt0t7HmW0Y+0fCmAwKQ==
  dependencies:
    ckeditor5 "40.0.0"

"@ckeditor/ckeditor5-core@40.0.0":
  version "40.0.0"
  resolved "https://registry.yarnpkg.com/@ckeditor/ckeditor5-core/-/ckeditor5-core-40.0.0.tgz#941654698c0714263a5aad90bb325504510eb6a5"
  integrity sha512-8xoSDOc9/35jEikKtYbdYmBxPop7i/JYSkkZmJYbZ8XxkjQiIMAUYOJVdNntfuLGazU+THmutieEA/x3ISme4g==
  dependencies:
    "@ckeditor/ckeditor5-engine" "40.0.0"
    "@ckeditor/ckeditor5-utils" "40.0.0"
    lodash-es "4.17.21"

"@ckeditor/ckeditor5-easy-image@^40.0.0":
  version "40.0.0"
  resolved "https://registry.yarnpkg.com/@ckeditor/ckeditor5-easy-image/-/ckeditor5-easy-image-40.0.0.tgz#074de733ff77c50969d3bf72f18f9772be526234"
  integrity sha512-hYawrY/ClxZzhKQzJmQhwSiLK8yUzNRlOSeTUtJ+VNTpEmmtzWXpQxt1Yo2VvuE1Q7wMt99tAGLALj74J2llJA==
  dependencies:
    ckeditor5 "40.0.0"

"@ckeditor/ckeditor5-editor-classic@^40.0.0":
  version "40.0.0"
  resolved "https://registry.yarnpkg.com/@ckeditor/ckeditor5-editor-classic/-/ckeditor5-editor-classic-40.0.0.tgz#ab94ad174ae14f605f2a3e9e4e498fcaef59c51f"
  integrity sha512-tCI359WG1VmsrmqRkvBcbXWQ2cDml51l+M2fyzcJjMHJyjEqvrkrOiCKdO/66eRcD1UA6xQYtZzE/dxm7hkZWw==
  dependencies:
    ckeditor5 "40.0.0"
    lodash-es "4.17.21"

"@ckeditor/ckeditor5-engine@40.0.0":
  version "40.0.0"
  resolved "https://registry.yarnpkg.com/@ckeditor/ckeditor5-engine/-/ckeditor5-engine-40.0.0.tgz#321d19d5206dc4b4d929706c23c436e4ef6c31c7"
  integrity sha512-zauOXFudE1B94RSziWWojdpqGprSo4rKwW3KLU6nfaz9Kq9RZkcP/TW5ADE0DxC2jWUMeItVE/3U8ES5fZ0hqQ==
  dependencies:
    "@ckeditor/ckeditor5-utils" "40.0.0"
    lodash-es "4.17.21"

"@ckeditor/ckeditor5-enter@40.0.0":
  version "40.0.0"
  resolved "https://registry.yarnpkg.com/@ckeditor/ckeditor5-enter/-/ckeditor5-enter-40.0.0.tgz#48a8d33e34622af9fdc06082d7b0d153c5e75b89"
  integrity sha512-pu8/zyQMqzMOgJbbPLbVu6znFfbgMYQwIVT7GMmWX+pZxPSBPyM+qNlmstFLwAxeki0aHCbo27gYmR1rIYGgrg==
  dependencies:
    "@ckeditor/ckeditor5-core" "40.0.0"
    "@ckeditor/ckeditor5-engine" "40.0.0"
    "@ckeditor/ckeditor5-utils" "40.0.0"

"@ckeditor/ckeditor5-essentials@^40.0.0":
  version "40.0.0"
  resolved "https://registry.yarnpkg.com/@ckeditor/ckeditor5-essentials/-/ckeditor5-essentials-40.0.0.tgz#24e29f09e0e5efe627361b57657521c0a329c69c"
  integrity sha512-5e+GOlZ0vQZg0qLmORabC1XsjM1tv3hyVW+qgZeABU5Has+D5NO0TkqJDcLeDGS11/ejXGsp7ebJQ6uU6nuCHg==
  dependencies:
    ckeditor5 "40.0.0"

"@ckeditor/ckeditor5-find-and-replace@^40.0.0":
  version "40.0.0"
  resolved "https://registry.yarnpkg.com/@ckeditor/ckeditor5-find-and-replace/-/ckeditor5-find-and-replace-40.0.0.tgz#56be9a3a78981e2af9e9870e3cd42ae722c59aa5"
  integrity sha512-lq/RUGHUkiEP2jm/CebBVxLldmwh1jrW1QI79lqd6Zhkt31hsJcnmZIk7xD52GtNOrCqHZwuPRTV5QTgic54hA==
  dependencies:
    "@ckeditor/ckeditor5-ui" "40.0.0"
    ckeditor5 "40.0.0"
    lodash-es "4.17.21"

"@ckeditor/ckeditor5-heading@^40.0.0":
  version "40.0.0"
  resolved "https://registry.yarnpkg.com/@ckeditor/ckeditor5-heading/-/ckeditor5-heading-40.0.0.tgz#017c60ca107b551b09f1f9c0de05416d1e0dbc81"
  integrity sha512-VDV8TQggkNQdReleo4Y7Gyn9A1hHB7J3efMkMgO5CzCbxVWzq6tqh285S+Kp7o2sJcezudVZoojL0jV3WxERKg==
  dependencies:
    ckeditor5 "40.0.0"

"@ckeditor/ckeditor5-highlight@^40.0.0":
  version "40.0.0"
  resolved "https://registry.yarnpkg.com/@ckeditor/ckeditor5-highlight/-/ckeditor5-highlight-40.0.0.tgz#8ac534e4b6fb36ca37b50998554b2e13e7aecab7"
  integrity sha512-XsS0xebBxFgIpmFJjw0KnS867H1c1uss+ac6Bj/4braUsgM3u6unYfZFBqfp7WQUmC0cncKNS3EX5tJbeK2zBQ==
  dependencies:
    ckeditor5 "40.0.0"

"@ckeditor/ckeditor5-horizontal-line@^40.0.0":
  version "40.0.0"
  resolved "https://registry.yarnpkg.com/@ckeditor/ckeditor5-horizontal-line/-/ckeditor5-horizontal-line-40.0.0.tgz#3c52200158c9e2f771dea6dedbead2799d5ca0cf"
  integrity sha512-vtvNQXGrhohxVRZlSGpVm43/zRctjJvsEZFqal2IG86UySD4H+jK2L/wf3YrGCyfHwF4F8lOLRxkhaI8eknH+w==
  dependencies:
    ckeditor5 "40.0.0"

"@ckeditor/ckeditor5-html-embed@^40.0.0":
  version "40.0.0"
  resolved "https://registry.yarnpkg.com/@ckeditor/ckeditor5-html-embed/-/ckeditor5-html-embed-40.0.0.tgz#40047e0a3f4ad30c844e2241c69ba8dd6dc83552"
  integrity sha512-+s6o/QWOY6SgqgaD56WOGQlgUoB+IgxdJL46dtm6e2MFmwYCDdSxe3/ZHw41DFxUpKkhNsq8RV7FUCa5sx3dlA==
  dependencies:
    ckeditor5 "40.0.0"

"@ckeditor/ckeditor5-html-support@^40.0.0":
  version "40.0.0"
  resolved "https://registry.yarnpkg.com/@ckeditor/ckeditor5-html-support/-/ckeditor5-html-support-40.0.0.tgz#472ace6bcd3d844b16a0c146988cf3526db07a65"
  integrity sha512-o/8R4i8MvpgPiZNkIfDf2aE2VAteSYSoE6jZ6UPdkc7lTpJbWoc9KPXAzCT6/+P8dZQ6FuSYL+1ftHhx27sS8w==
  dependencies:
    ckeditor5 "40.0.0"
    lodash-es "4.17.21"

"@ckeditor/ckeditor5-image@^40.0.0":
  version "40.0.0"
  resolved "https://registry.yarnpkg.com/@ckeditor/ckeditor5-image/-/ckeditor5-image-40.0.0.tgz#294738b9536a432982a6ba17106d34d970fb5580"
  integrity sha512-5CV80EiKBaMDfpJwUqTD/2Hcl87da4PS1WU5lDlhvKimrIx+0c65MJmjWGjUdQCSyJ89+PBzj1qAwMJWVZBQ/g==
  dependencies:
    "@ckeditor/ckeditor5-ui" "40.0.0"
    ckeditor5 "40.0.0"
    lodash-es "4.17.21"

"@ckeditor/ckeditor5-indent@^40.0.0":
  version "40.0.0"
  resolved "https://registry.yarnpkg.com/@ckeditor/ckeditor5-indent/-/ckeditor5-indent-40.0.0.tgz#53afceb069c3e4effddb4cea24fd4e1e9f1c56dc"
  integrity sha512-YI9gI3NiAombf0mYkgvZSB7UaMyZl3f7idPbLlsDPfeHb1oTkzxLvTfrpaxKoE7hZPjj6KrgH9gXyPLeho7O/A==
  dependencies:
    ckeditor5 "40.0.0"

"@ckeditor/ckeditor5-language@^40.0.0":
  version "40.0.0"
  resolved "https://registry.yarnpkg.com/@ckeditor/ckeditor5-language/-/ckeditor5-language-40.0.0.tgz#3d1f9abd0ae0a993368efbb89e094ee79e72a354"
  integrity sha512-EfRA6oDGjd1q6bt3AOT+4akpO1/qDcFoW/CFNMt5tSBlnpDdObQPyYfGA9R4hLdEvNNIYvQtbHvZC3Px5jBMwA==
  dependencies:
    ckeditor5 "40.0.0"

"@ckeditor/ckeditor5-link@^40.0.0":
  version "40.0.0"
  resolved "https://registry.yarnpkg.com/@ckeditor/ckeditor5-link/-/ckeditor5-link-40.0.0.tgz#388a6d3eff7f7cd8fabd0f8c9cd17fd01a9012db"
  integrity sha512-hi0JRC6N93N7vqpR80AG9wBGUJ0C86UYvwA8yPMThl5KtXxwwUs2L5UH+Ju3twrkan2MxMzjpPMTXqfaFSt+vA==
  dependencies:
    "@ckeditor/ckeditor5-ui" "40.0.0"
    ckeditor5 "40.0.0"
    lodash-es "4.17.21"

"@ckeditor/ckeditor5-list@^40.0.0":
  version "40.0.0"
  resolved "https://registry.yarnpkg.com/@ckeditor/ckeditor5-list/-/ckeditor5-list-40.0.0.tgz#daeec63821d1611ae6806f1c5538a2e73432db72"
  integrity sha512-sP6ZZ0rzaC2bU09DWT1k2gYJizQHaGwcX7/mTsCSpLVynkZaOU8ckBY/SChD9R54/RWADyX3woVJVHhL1v0QRQ==
  dependencies:
    "@ckeditor/ckeditor5-ui" "40.0.0"
    ckeditor5 "40.0.0"

"@ckeditor/ckeditor5-media-embed@^40.0.0":
  version "40.0.0"
  resolved "https://registry.yarnpkg.com/@ckeditor/ckeditor5-media-embed/-/ckeditor5-media-embed-40.0.0.tgz#2b2d3f0ff7d6b41ea24508540498c58c655b9d23"
  integrity sha512-5xmO1SVSDvEvOQF4nAjrJVSvt3+THh70MtxhRu3Wrbqt55sj6G+2IoOkdkSXtaw8vnBE67xa1qEOSX4WQ7Rxwg==
  dependencies:
    "@ckeditor/ckeditor5-ui" "40.0.0"
    ckeditor5 "40.0.0"

"@ckeditor/ckeditor5-mention@^40.0.0":
  version "40.0.0"
  resolved "https://registry.yarnpkg.com/@ckeditor/ckeditor5-mention/-/ckeditor5-mention-40.0.0.tgz#e539671452da6a7b32faf51694b39715d6ed367e"
  integrity sha512-Sb6ezH7WP9rMNv2VpCOZ8JxhUkBB0Do/Xp0Y7bLLhcwRM/L5DxX2494PgmISl1CuBqTVgW4zRNGFjeVIytTP0Q==
  dependencies:
    ckeditor5 "40.0.0"
    lodash-es "4.17.21"

"@ckeditor/ckeditor5-page-break@^40.0.0":
  version "40.0.0"
  resolved "https://registry.yarnpkg.com/@ckeditor/ckeditor5-page-break/-/ckeditor5-page-break-40.0.0.tgz#0d8c677e6c3089aedf0527b989fdf8da419ffbb0"
  integrity sha512-lLVg8sLKBOgae4koDpmYXgU6bNO2R0aZLwaeLg+jbZv2F23fYtsaq5jPEnXgIP9Sp+DtmwZNAl2GK9F+Am97HQ==
  dependencies:
    ckeditor5 "40.0.0"

"@ckeditor/ckeditor5-paragraph@40.0.0", "@ckeditor/ckeditor5-paragraph@^40.0.0":
  version "40.0.0"
  resolved "https://registry.yarnpkg.com/@ckeditor/ckeditor5-paragraph/-/ckeditor5-paragraph-40.0.0.tgz#50be65f332271259c6e06b46d6f5b247a0a305ba"
  integrity sha512-j2Pm/dlu3hE08EKYvbUT9qUMyJeZtuufuZjUZaADCsVmtfFuzXlaHjIkQUvCxUeuMXQLlUpJ69OSAMzzMlJs8g==
  dependencies:
    "@ckeditor/ckeditor5-core" "40.0.0"
    "@ckeditor/ckeditor5-ui" "40.0.0"
    "@ckeditor/ckeditor5-utils" "40.0.0"

"@ckeditor/ckeditor5-paste-from-office@^40.0.0":
  version "40.0.0"
  resolved "https://registry.yarnpkg.com/@ckeditor/ckeditor5-paste-from-office/-/ckeditor5-paste-from-office-40.0.0.tgz#6bf1c2ecc6f43ae8e2bdf6563d7484e6db398196"
  integrity sha512-6KHXPxrcF4w81Bu7+LtC7hsMu/mAuKIeQ1kYi05dzteHjra6K6hLv6oH0JZ8U6c2zWM3qznfNxDPFae66N85Eg==
  dependencies:
    ckeditor5 "40.0.0"

"@ckeditor/ckeditor5-react@^6.1.0":
  version "6.1.0"
  resolved "https://registry.yarnpkg.com/@ckeditor/ckeditor5-react/-/ckeditor5-react-6.1.0.tgz#601db37d0810e52796276c85cce9907d882463e0"
  integrity sha512-uwJ89pOJnjlMgfluGJhxatt6zV5ZavuV7AaRvJpxzAU7SjoC3sNumohDRmI0KGDGoyCVPMJO9fgE3ijIb3gHlQ==
  dependencies:
    prop-types "^15.7.2"

"@ckeditor/ckeditor5-remove-format@^40.0.0":
  version "40.0.0"
  resolved "https://registry.yarnpkg.com/@ckeditor/ckeditor5-remove-format/-/ckeditor5-remove-format-40.0.0.tgz#160512c5430a2133bdd4ae4c9c2c2b9a6718a594"
  integrity sha512-wnpOh9h2vo0dl7v4fChoyvnpPh7ytzKVrPmdK9kyYzXeVa4fP7igG4D+MXf2mkpwJj/XwQfSYqQ6qGcxND3wyA==
  dependencies:
    ckeditor5 "40.0.0"

"@ckeditor/ckeditor5-select-all@40.0.0":
  version "40.0.0"
  resolved "https://registry.yarnpkg.com/@ckeditor/ckeditor5-select-all/-/ckeditor5-select-all-40.0.0.tgz#15e1eacc2cc7260b34ef98c778c5e8b0fbeb15fe"
  integrity sha512-6FP/8DjKCfy9ha42hoshOj5fs13KFFRSbXcCDNFCUk/ZrvH42lz1BYw2S5uQYA9Xl6o4BUWdN+g4CVPQfpGm+Q==
  dependencies:
    "@ckeditor/ckeditor5-core" "40.0.0"
    "@ckeditor/ckeditor5-ui" "40.0.0"
    "@ckeditor/ckeditor5-utils" "40.0.0"

"@ckeditor/ckeditor5-source-editing@^40.0.0":
  version "40.0.0"
  resolved "https://registry.yarnpkg.com/@ckeditor/ckeditor5-source-editing/-/ckeditor5-source-editing-40.0.0.tgz#f593ed065ec4a79bcea0bbf0bcae5b2f35e9cdfe"
  integrity sha512-fmxQKabcilPP0+UpQ+2EdupK7BAJdhjOWlcTcn562YrkL5CYR9UYP8x8XhLqplrU9/zvSJlAb3RRWjHCNmsq7g==
  dependencies:
    "@ckeditor/ckeditor5-theme-lark" "40.0.0"
    ckeditor5 "40.0.0"

"@ckeditor/ckeditor5-special-characters@^40.0.0":
  version "40.0.0"
  resolved "https://registry.yarnpkg.com/@ckeditor/ckeditor5-special-characters/-/ckeditor5-special-characters-40.0.0.tgz#7a5d1eadcd04530c75e781d6ac5a18df01b5f1c2"
  integrity sha512-0MErb6UjhjOaJK7tQjzmxGZh+3Ulb+FZpo56UD9wvcwa93bO4Oomqo3yq/SFY3sOEXkcygeAji0gnVpMqUqvGQ==
  dependencies:
    ckeditor5 "40.0.0"

"@ckeditor/ckeditor5-style@^40.0.0":
  version "40.0.0"
  resolved "https://registry.yarnpkg.com/@ckeditor/ckeditor5-style/-/ckeditor5-style-40.0.0.tgz#c67bc766ee58986b331fa6dcf7f7485dd910a45c"
  integrity sha512-FPKPWa05UkK8c5Ubas6zVXl7hgplxLjNvuzPzhdHKHpEOR9UDnWdmCL+/RJFxLWj/cm49eEFboDyk4Gj73ZjZQ==
  dependencies:
    ckeditor5 "40.0.0"
    lodash-es "4.17.21"

"@ckeditor/ckeditor5-table@^40.0.0":
  version "40.0.0"
  resolved "https://registry.yarnpkg.com/@ckeditor/ckeditor5-table/-/ckeditor5-table-40.0.0.tgz#64eb60fc39db1814ae56244fc8208047e5244796"
  integrity sha512-RsX1Jbnap8OwP9t1EPBS1DDjaJY74oWvUYjmp5IbamvtkFnlDP4HCmxIF4MIQ90V5u0qevydKwAqNmioue/1wA==
  dependencies:
    ckeditor5 "40.0.0"
    lodash-es "4.17.21"

"@ckeditor/ckeditor5-theme-lark@40.0.0", "@ckeditor/ckeditor5-theme-lark@^40.0.0":
  version "40.0.0"
  resolved "https://registry.yarnpkg.com/@ckeditor/ckeditor5-theme-lark/-/ckeditor5-theme-lark-40.0.0.tgz#b10d634a06595b4fef2d11b0691b0429bbf87fc0"
  integrity sha512-7pb0JjfbIGdlZHOdEC4+x2dIb1qjfKnrqEjlhA5m7+Sg6OuPo/hEDZEn+Y0QALxhoCElCm90cDvIbN6LLsiyKQ==
  dependencies:
    "@ckeditor/ckeditor5-ui" "40.0.0"

"@ckeditor/ckeditor5-typing@40.0.0", "@ckeditor/ckeditor5-typing@^40.0.0":
  version "40.0.0"
  resolved "https://registry.yarnpkg.com/@ckeditor/ckeditor5-typing/-/ckeditor5-typing-40.0.0.tgz#0f5e5aeb261b9fe9c27acf364b83a6dbcf9df5d8"
  integrity sha512-c0uMXkh3kJP1wEVoh/0sLPr8Ouk4EvBuaAqSYEkrvX5wKBWAoGnUotHfrFH8wRBy25m17QbZ44N7dkA+BpuMPQ==
  dependencies:
    "@ckeditor/ckeditor5-core" "40.0.0"
    "@ckeditor/ckeditor5-engine" "40.0.0"
    "@ckeditor/ckeditor5-utils" "40.0.0"
    lodash-es "4.17.21"

"@ckeditor/ckeditor5-ui@40.0.0":
  version "40.0.0"
  resolved "https://registry.yarnpkg.com/@ckeditor/ckeditor5-ui/-/ckeditor5-ui-40.0.0.tgz#30fb7f4a2deab4097886c11c8990728f9697ed22"
  integrity sha512-wnfC7eSqdN6i+nHTN83+PCByWeCPDgdQAXvf3HHBNdsJna6khKC8Oy/1eU8F+vR84unJMrPoaCMIx0qRvK3hCA==
  dependencies:
    "@ckeditor/ckeditor5-core" "40.0.0"
    "@ckeditor/ckeditor5-utils" "40.0.0"
    color-convert "2.0.1"
    color-parse "1.4.2"
    lodash-es "4.17.21"
    vanilla-colorful "0.7.2"

"@ckeditor/ckeditor5-undo@40.0.0":
  version "40.0.0"
  resolved "https://registry.yarnpkg.com/@ckeditor/ckeditor5-undo/-/ckeditor5-undo-40.0.0.tgz#788cd65a56bbd9ccbc41a34f0a5a5e782ed24982"
  integrity sha512-kt+9Ux0RdC0OeMLp95kJW1h6d1LobOblkozU2as5VN5c20tvbXviQJuoQeJsiixmJapUmi7vvDgnVsGw9obEpQ==
  dependencies:
    "@ckeditor/ckeditor5-core" "40.0.0"
    "@ckeditor/ckeditor5-engine" "40.0.0"
    "@ckeditor/ckeditor5-ui" "40.0.0"

"@ckeditor/ckeditor5-upload@40.0.0", "@ckeditor/ckeditor5-upload@^40.0.0":
  version "40.0.0"
  resolved "https://registry.yarnpkg.com/@ckeditor/ckeditor5-upload/-/ckeditor5-upload-40.0.0.tgz#bfed41c38b5bb6bba8c68321c931c6e304bcf79b"
  integrity sha512-LutDg8zjhJu1UKInAyvVHIk8HyroETi61KS2PQTyiTQv/DmRvjSK32Xl83KprTxAvqZsiDdXe+Nl1kdAO8S2ag==
  dependencies:
    "@ckeditor/ckeditor5-core" "40.0.0"
    "@ckeditor/ckeditor5-ui" "40.0.0"
    "@ckeditor/ckeditor5-utils" "40.0.0"

"@ckeditor/ckeditor5-utils@40.0.0":
  version "40.0.0"
  resolved "https://registry.yarnpkg.com/@ckeditor/ckeditor5-utils/-/ckeditor5-utils-40.0.0.tgz#6e287ab33d5f8cac4928f82f5621ba994c47a15e"
  integrity sha512-52UwkeGxrZWhbwWWfixKceWhF1kuDeJNAM57wqfB7GS8CzElOpJ3AELeD/L/ZkUEBGL9asqribEH3CzgTjWKPA==
  dependencies:
    lodash-es "4.17.21"

"@ckeditor/ckeditor5-watchdog@40.0.0":
  version "40.0.0"
  resolved "https://registry.yarnpkg.com/@ckeditor/ckeditor5-watchdog/-/ckeditor5-watchdog-40.0.0.tgz#a9ab427fe9a1248cf4d2a1e98729b74cda79af09"
  integrity sha512-bwBimEdiUCe6/1IScWhC2vomcwApkKeb804NuxX7m7QhctKaHALV+tRVG/y8Oln3qCaw3na6C4pQgaXz0qtWcQ==
  dependencies:
    lodash-es "4.17.21"

"@ckeditor/ckeditor5-widget@40.0.0":
  version "40.0.0"
  resolved "https://registry.yarnpkg.com/@ckeditor/ckeditor5-widget/-/ckeditor5-widget-40.0.0.tgz#71330fe467fdbf66f075ee10ac7dda1f72a6a2d8"
  integrity sha512-3dZjAQECWMvSMQhleM6iHwG2LOTKQmir4Rf3/Vulc7Aexb/brcQ06JuNQtQsIxRBZPoaEpWFAakK1PSfxxO0Sg==
  dependencies:
    "@ckeditor/ckeditor5-core" "40.0.0"
    "@ckeditor/ckeditor5-engine" "40.0.0"
    "@ckeditor/ckeditor5-enter" "40.0.0"
    "@ckeditor/ckeditor5-typing" "40.0.0"
    "@ckeditor/ckeditor5-ui" "40.0.0"
    "@ckeditor/ckeditor5-utils" "40.0.0"
    lodash-es "4.17.21"

"@ckeditor/ckeditor5-word-count@^40.0.0":
  version "40.0.0"
  resolved "https://registry.yarnpkg.com/@ckeditor/ckeditor5-word-count/-/ckeditor5-word-count-40.0.0.tgz#cb975e13c19f0de56ae99d61fb6987400b12f50b"
  integrity sha512-rZZ6Rq4cXc9TUXtK138no2UQWm1/NTDgN02sd+LiteNnu616L85pWELk7lwrBYoW2O1BH7bjLYsRxDo1N7OAaA==
  dependencies:
    ckeditor5 "40.0.0"
    lodash-es "4.17.21"

ckeditor5@40.0.0, ckeditor5@>=35.4.0, ckeditor5@^40.0.0:
  version "40.0.0"
  resolved "https://registry.yarnpkg.com/ckeditor5/-/ckeditor5-40.0.0.tgz#0415efab6b11da48cc7d58229ce282e3587d2be8"
  integrity sha512-pyXptFXODCyICkIaiBfWl+vqNq87CwB4IodaacUDdp+7z7szK13/vMJMWyPCQyZob+lzpakqPpj29HR5Kzy4AQ==
  dependencies:
    "@ckeditor/ckeditor5-clipboard" "40.0.0"
    "@ckeditor/ckeditor5-core" "40.0.0"
    "@ckeditor/ckeditor5-engine" "40.0.0"
    "@ckeditor/ckeditor5-enter" "40.0.0"
    "@ckeditor/ckeditor5-paragraph" "40.0.0"
    "@ckeditor/ckeditor5-select-all" "40.0.0"
    "@ckeditor/ckeditor5-typing" "40.0.0"
    "@ckeditor/ckeditor5-ui" "40.0.0"
    "@ckeditor/ckeditor5-undo" "40.0.0"
    "@ckeditor/ckeditor5-upload" "40.0.0"
    "@ckeditor/ckeditor5-utils" "40.0.0"
    "@ckeditor/ckeditor5-watchdog" "40.0.0"
    "@ckeditor/ckeditor5-widget" "40.0.0"

color-convert@2.0.1:
  version "2.0.1"
  resolved "https://registry.yarnpkg.com/color-convert/-/color-convert-2.0.1.tgz#72d3a68d598c9bdb3af2ad1e84f21d896abd4de3"
  integrity sha512-RRECPsj7iu/xb5oKYcsFHSppFNnsj/52OVTRKb4zP5onXwVF3zVmmToNcOfGC+CRDpfK/U584fMg38ZHCaElKQ==
  dependencies:
    color-name "~1.1.4"

color-name@^1.0.0, color-name@~1.1.4:
  version "1.1.4"
  resolved "https://registry.yarnpkg.com/color-name/-/color-name-1.1.4.tgz#c2a09a87acbde69543de6f63fa3995c826c536a2"
  integrity sha512-dOy+3AuW3a2wNbZHIuMZpTcgjGuLU/uBL/ubcZF9OXbDo8ff4O8yVp5Bf0efS8uEoYo5q4Fx7dY9OgQGXgAsQA==

color-parse@1.4.2:
  version "1.4.2"
  resolved "https://registry.yarnpkg.com/color-parse/-/color-parse-1.4.2.tgz#78651f5d34df1a57f997643d86f7f87268ad4eb5"
  integrity sha512-RI7s49/8yqDj3fECFZjUI1Yi0z/Gq1py43oNJivAIIDSyJiOZLfYCRQEgn8HEVAj++PcRe8AnL2XF0fRJ3BTnA==
  dependencies:
    color-name "^1.0.0"

deepmerge@^4.2.2:
  version "4.3.1"
  resolved "https://registry.yarnpkg.com/deepmerge/-/deepmerge-4.3.1.tgz#44b5f2147cd3b00d4b56137685966f26fd25dd4a"
  integrity sha512-3sUqbMEc77XqpdNO7FRyRog+eW3ph+GYCbj+rK+uYyRMuwsVy0rMiVtPn+QJlKFvWP/1PYpapqYn0Me2knFn+A==

dom-serializer@^2.0.0:
  version "2.0.0"
  resolved "https://registry.yarnpkg.com/dom-serializer/-/dom-serializer-2.0.0.tgz#e41b802e1eedf9f6cae183ce5e622d789d7d8e53"
  integrity sha512-wIkAryiqt/nV5EQKqQpo3SToSOV9J0DnbJqwK7Wv/Trc92zIAYZ4FlMu+JPFW1DfGFt81ZTCGgDEabffXeLyJg==
  dependencies:
    domelementtype "^2.3.0"
    domhandler "^5.0.2"
    entities "^4.2.0"

domelementtype@^2.3.0:
  version "2.3.0"
  resolved "https://registry.yarnpkg.com/domelementtype/-/domelementtype-2.3.0.tgz#5c45e8e869952626331d7aab326d01daf65d589d"
  integrity sha512-OLETBj6w0OsagBwdXnPdN0cnMfF9opN69co+7ZrbfPGrdpPVNBUj02spi6B1N7wChLQiPn4CSH/zJvXw56gmHw==

domhandler@^5.0.2, domhandler@^5.0.3:
  version "5.0.3"
  resolved "https://registry.yarnpkg.com/domhandler/-/domhandler-5.0.3.tgz#cc385f7f751f1d1fc650c21374804254538c7d31"
  integrity sha512-cgwlv/1iFQiFnU96XXgROh8xTeetsnJiDsTc7TYCLFd9+/WNkIqPTxiM/8pSd8VIrhXGTf1Ny1q1hquVqDJB5w==
  dependencies:
    domelementtype "^2.3.0"

domutils@^3.0.1:
  version "3.1.0"
  resolved "https://registry.yarnpkg.com/domutils/-/domutils-3.1.0.tgz#c47f551278d3dc4b0b1ab8cbb42d751a6f0d824e"
  integrity sha512-H78uMmQtI2AhgDJjWeQmHwJJ2bLPD3GMmO7Zja/ZZh84wkm+4ut+IUnUdRa8uCGX88DiVx1j6FRe1XfxEgjEZA==
  dependencies:
    dom-serializer "^2.0.0"
    domelementtype "^2.3.0"
    domhandler "^5.0.3"

entities@^4.2.0, entities@^4.4.0:
  version "4.5.0"
  resolved "https://registry.yarnpkg.com/entities/-/entities-4.5.0.tgz#5d268ea5e7113ec74c4d033b79ea5a35a488fb48"
  integrity sha512-V0hjH4dGPh9Ao5p0MoRY6BVqtwCjhz6vI5LT8AJ55H+4g9/4vbHx1I54fS0XuclLhDHArPQCiMjDxjaL8fPxhw==

escape-string-regexp@^4.0.0:
  version "4.0.0"
  resolved "https://registry.yarnpkg.com/escape-string-regexp/-/escape-string-regexp-4.0.0.tgz#14ba83a5d373e3d311e5afca29cf5bfad965bf34"
  integrity sha512-TtpcNJ3XAzx3Gq8sWRzJaVajRs0uVxA2YAkdb1jm2YkPz4G6egUFAyA3n5vtEIZefPk5Wa4UXbKuS5fKkJWdgA==

htmlparser2@^8.0.0:
  version "8.0.2"
  resolved "https://registry.yarnpkg.com/htmlparser2/-/htmlparser2-8.0.2.tgz#f002151705b383e62433b5cf466f5b716edaec21"
  integrity sha512-GYdjWKDkbRLkZ5geuHs5NY1puJ+PXwP7+fHPRz06Eirsb9ugf6d8kkXav6ADhcODhFFPMIXyxkxSuMf3D6NCFA==
  dependencies:
    domelementtype "^2.3.0"
    domhandler "^5.0.3"
    domutils "^3.0.1"
    entities "^4.4.0"

is-plain-object@^5.0.0:
  version "5.0.0"
  resolved "https://registry.yarnpkg.com/is-plain-object/-/is-plain-object-5.0.0.tgz#4427f50ab3429e9025ea7d52e9043a9ef4159344"
  integrity sha512-VRSzKkbMm5jMDoKLbltAkFQ5Qr7VDiTFGXxYFXXowVj387GeGNOCsOH6Msy00SGZ3Fp84b1Naa1psqgcCIEP5Q==

"js-tokens@^3.0.0 || ^4.0.0":
  version "4.0.0"
  resolved "https://registry.yarnpkg.com/js-tokens/-/js-tokens-4.0.0.tgz#19203fb59991df98e3a287050d4647cdeaf32499"
  integrity sha512-RdJUflcE3cUzKiMqQgsCu06FPu9UdIJO0beYbPhHN4k6apgJtifcoCtT9bcxOpYBtpD2kCM6Sbzg4CausW/PKQ==

lodash-es@4.17.21:
  version "4.17.21"
  resolved "https://registry.yarnpkg.com/lodash-es/-/lodash-es-4.17.21.tgz#43e626c46e6591b7750beb2b50117390c609e3ee"
  integrity sha512-mKnC+QJ9pWVzv+C4/U3rRsHapFfHvQFoFB92e52xeyGMcX6/OlIl78je1u8vePzYZSkkogMPJ2yjxxsb89cxyw==

loose-envify@^1.4.0:
  version "1.4.0"
  resolved "https://registry.yarnpkg.com/loose-envify/-/loose-envify-1.4.0.tgz#71ee51fa7be4caec1a63839f7e682d8132d30caf"
  integrity sha512-lyuxPGr/Wfhrlem2CL/UcnUc1zcqKAImBDzukY7Y5F/yQiNdko6+fRLevlw1HgMySw7f611UIY408EtxRSoK3Q==
  dependencies:
    js-tokens "^3.0.0 || ^4.0.0"

nanoid@^3.3.6:
  version "3.3.7"
  resolved "https://registry.yarnpkg.com/nanoid/-/nanoid-3.3.7.tgz#d0c301a691bc8d54efa0a2226ccf3fe2fd656bd8"
  integrity sha512-eSRppjcPIatRIMC1U6UngP8XFcz8MQWGQdt1MTBQ7NaAmvXDfvNxbvWV3x2y6CdEUciCSsDHDQZbhYaB8QEo2g==

object-assign@^4.1.1:
  version "4.1.1"
  resolved "https://registry.yarnpkg.com/object-assign/-/object-assign-4.1.1.tgz#2109adc7965887cfc05cbbd442cac8bfbb360863"
  integrity sha512-rJgTQnkUnH1sFw8yT6VSU3zD3sWmu6sZhIseY8VX+GRu3P6F7Fu+JNDoXfklElbLJSnc3FUQHVe4cU5hj+BcUg==

parse-srcset@^1.0.2:
  version "1.0.2"
  resolved "https://registry.yarnpkg.com/parse-srcset/-/parse-srcset-1.0.2.tgz#f2bd221f6cc970a938d88556abc589caaaa2bde1"
  integrity sha512-/2qh0lav6CmI15FzA3i/2Bzk2zCgQhGMkvhOhKNcBVQ1ldgpbfiNTVslmooUmWJcADi1f1kIeynbDRVzNlfR6Q==

picocolors@^1.0.0:
  version "1.0.0"
  resolved "https://registry.yarnpkg.com/picocolors/-/picocolors-1.0.0.tgz#cb5bdc74ff3f51892236eaf79d68bc44564ab81c"
  integrity sha512-1fygroTLlHu66zi26VoTDv8yRgm0Fccecssto+MhsZ0D/DGW2sm8E8AjW7NU5VVTRt5GxbeZ5qBuJr+HyLYkjQ==

postcss@^8.3.11:
  version "8.4.31"
  resolved "https://registry.yarnpkg.com/postcss/-/postcss-8.4.31.tgz#92b451050a9f914da6755af352bdc0192508656d"
  integrity sha512-PS08Iboia9mts/2ygV3eLpY5ghnUcfLV/EXTOW1E2qYxJKGGBUtNjN76FYHnMs36RmARn41bC0AZmn+rR0OVpQ==
  dependencies:
    nanoid "^3.3.6"
    picocolors "^1.0.0"
    source-map-js "^1.0.2"

prop-types@^15.7.2:
  version "15.8.1"
  resolved "https://registry.yarnpkg.com/prop-types/-/prop-types-15.8.1.tgz#67d87bf1a694f48435cf332c24af10214a3140b5"
  integrity sha512-oj87CgZICdulUohogVAR7AjlC0327U4el4L6eAvOqCeudMDVU0NThNaV+b9Df4dXgSP1gXMTnPdhfe/2qDH5cg==
  dependencies:
    loose-envify "^1.4.0"
    object-assign "^4.1.1"
    react-is "^16.13.1"

react-is@^16.13.1:
  version "16.13.1"
  resolved "https://registry.yarnpkg.com/react-is/-/react-is-16.13.1.tgz#789729a4dc36de2999dc156dd6c1d9c18cea56a4"
  integrity sha512-24e6ynE2H+OKt4kqsOvNd8kBpV65zoxbA4BVsEOB3ARVWQki/DHzaUoC5KuON/BiccDaCCTZBuOcfZs70kR8bQ==

sanitize-html@^2.8.1:
  version "2.11.0"
  resolved "https://registry.yarnpkg.com/sanitize-html/-/sanitize-html-2.11.0.tgz#9a6434ee8fcaeddc740d8ae7cd5dd71d3981f8f6"
  integrity sha512-BG68EDHRaGKqlsNjJ2xUB7gpInPA8gVx/mvjO743hZaeMCZ2DwzW7xvsqZ+KNU4QKwj86HJ3uu2liISf2qBBUA==
  dependencies:
    deepmerge "^4.2.2"
    escape-string-regexp "^4.0.0"
    htmlparser2 "^8.0.0"
    is-plain-object "^5.0.0"
    parse-srcset "^1.0.2"
    postcss "^8.3.11"

source-map-js@^1.0.2:
  version "1.0.2"
  resolved "https://registry.yarnpkg.com/source-map-js/-/source-map-js-1.0.2.tgz#adbc361d9c62df380125e7f161f71c826f1e490c"
  integrity sha512-R0XvVJ9WusLiqTCEiGCmICCMplcCkIwwR11mOSD9CR5u+IXYdiseeEuXCVAjS54zqwkLcPNnmU4OeJ6tUrWhDw==

vanilla-colorful@0.7.2:
  version "0.7.2"
  resolved "https://registry.yarnpkg.com/vanilla-colorful/-/vanilla-colorful-0.7.2.tgz#3fb1f4b9f15b797e20fd1ce8e0364f33b073f4a2"
  integrity sha512-z2YZusTFC6KnLERx1cgoIRX2CjPRP0W75N+3CC6gbvdX5Ch47rZkEMGO2Xnf+IEmi3RiFLxS18gayMA27iU7Kg==
